
Microsoft Visual Studio Solution File, Format Version 12.00
# Visual Studio Version 17
VisualStudioVersion = 17.6.33815.320
MinimumVisualStudioVersion = 10.0.40219.1
Project("{FAE04EC0-301F-11D3-BF4B-00C04F79EFBC}") = "MidPrac5", "MidPrac5.csproj", "{8D426F04-DBC5-4ABF-A168-11C220BBEFC5}"
EndProject
Global
	GlobalSection(SolutionConfigurationPlatforms) = preSolution
		Debug|Any CPU = Debug|Any CPU
		Release|Any CPU = Release|Any CPU
	EndGlobalSection
	GlobalSection(ProjectConfigurationPlatforms) = postSolution
		{8D426F04-DBC5-4ABF-A168-11C220BBEFC5}.Debug|Any CPU.ActiveCfg = Debug|Any CPU
		{8D426F04-DBC5-4ABF-A168-11C220BBEFC5}.Debug|Any CPU.Build.0 = Debug|Any CPU
		{8D426F04-DBC5-4ABF-A168-11C220BBEFC5}.Release|Any CPU.ActiveCfg = Release|Any CPU
		{8D426F04-DBC5-4ABF-A168-11C220BBEFC5}.Release|Any CPU.Build.0 = Release|Any CPU
	EndGlobalSection
	GlobalSection(SolutionProperties) = preSolution
		HideSolutionNode = FALSE
	EndGlobalSection
	GlobalSection(ExtensibilityGlobals) = postSolution
		SolutionGuid = {A67CE43D-6982-484C-BE9B-CDCC29CE4B34}
	EndGlobalSection
EndGlobal
