
Microsoft Visual Studio Solution File, Format Version 12.00
# Visual Studio Version 17
VisualStudioVersion = 17.6.33815.320
MinimumVisualStudioVersion = 10.0.40219.1
Project("{FAE04EC0-301F-11D3-BF4B-00C04F79EFBC}") = "B3_Assignment_Sandesh", "B3_Assignment_Sandesh.csproj", "{7E46DF83-E930-4DC4-80C1-7C9BCEB396DD}"
EndProject
Global
	GlobalSection(SolutionConfigurationPlatforms) = preSolution
		Debug|Any CPU = Debug|Any CPU
		Release|Any CPU = Release|Any CPU
	EndGlobalSection
	GlobalSection(ProjectConfigurationPlatforms) = postSolution
		{7E46DF83-E930-4DC4-80C1-7C9BCEB396DD}.Debug|Any CPU.ActiveCfg = Debug|Any CPU
		{7E46DF83-E930-4DC4-80C1-7C9BCEB396DD}.Debug|Any CPU.Build.0 = Debug|Any CPU
		{7E46DF83-E930-4DC4-80C1-7C9BCEB396DD}.Release|Any CPU.ActiveCfg = Release|Any CPU
		{7E46DF83-E930-4DC4-80C1-7C9BCEB396DD}.Release|Any CPU.Build.0 = Release|Any CPU
	EndGlobalSection
	GlobalSection(SolutionProperties) = preSolution
		HideSolutionNode = FALSE
	EndGlobalSection
	GlobalSection(ExtensibilityGlobals) = postSolution
		SolutionGuid = {66FA52A0-4F23-413B-AD17-9A5CBD4A5D6E}
	EndGlobalSection
EndGlobal
