
Microsoft Visual Studio Solution File, Format Version 12.00
# Visual Studio Version 17
VisualStudioVersion = 17.6.33815.320
MinimumVisualStudioVersion = 10.0.40219.1
Project("{FAE04EC0-301F-11D3-BF4B-00C04F79EFBC}") = "Lab08", "Lab08.csproj", "{C17C2940-EF80-4FFC-8103-E3B87DCB1316}"
EndProject
Global
	GlobalSection(SolutionConfigurationPlatforms) = preSolution
		Debug|Any CPU = Debug|Any CPU
		Release|Any CPU = Release|Any CPU
	EndGlobalSection
	GlobalSection(ProjectConfigurationPlatforms) = postSolution
		{C17C2940-EF80-4FFC-8103-E3B87DCB1316}.Debug|Any CPU.ActiveCfg = Debug|Any CPU
		{C17C2940-EF80-4FFC-8103-E3B87DCB1316}.Debug|Any CPU.Build.0 = Debug|Any CPU
		{C17C2940-EF80-4FFC-8103-E3B87DCB1316}.Release|Any CPU.ActiveCfg = Release|Any CPU
		{C17C2940-EF80-4FFC-8103-E3B87DCB1316}.Release|Any CPU.Build.0 = Release|Any CPU
	EndGlobalSection
	GlobalSection(SolutionProperties) = preSolution
		HideSolutionNode = FALSE
	EndGlobalSection
	GlobalSection(ExtensibilityGlobals) = postSolution
		SolutionGuid = {262DE6B9-8BE6-45A8-9153-32F6A97B9F3B}
	EndGlobalSection
EndGlobal
